{
  "name": "IMY220Project",
  "lockfileVersion": 3,
  "requires": true,
  "packages": {
    "": {
      "dependencies": {
        "react-router": "^8.3.1"
      }
    },
    "node_modules/cookie-es": {
      "version": "3.1.1",
      "resolved": "https://registry.npmjs.org/cookie-es/-/cookie-es-3.1.1.tgz",
      "integrity": "sha512-UaXxwISYJPTr9hwQxMFYZ7kNhSXboMXP+Z3TRX6f1/NyaGPfuNUZOWP1pUEb75B2HjfklIYLVRfWiFZJyC6Npg=="
    },
    "node_modules/react-router": {
      "version": "8.3.1",
      "resolved": "https://registry.npmjs.org/react-router/-/react-router-8.3.1.tgz",
      "integrity": "sha512-TEOpiO2g0TJHEOJeRVv4amUFun9v1npCKszvcquNvzETUtJ8udV86ah5eFoHT7g26bsBvT6EiIhqulR8eDF++A==",
      "dependencies": {
        "cookie-es": "^3.1.1"
      },
      "engines": {
        "node": ">=22.22.0"
      },
      "peerDependencies": {
        "react": ">=19.2.7",
        "react-dom": ">=19.2.7"
      },
      "peerDependenciesMeta": {
        "react-dom": {
          "optional": true
        }
      }
    }
  }
}
